
Microsoft Visual Studio Solution File, Format Version 12.00
# Visual Studio Version 17
VisualStudioVersion = 17.10.34916.146
MinimumVisualStudioVersion = 10.0.40219.1
Project("{FAE04EC0-301F-11D3-BF4B-00C04F79EFBC}") = "dotNetToPastGres", "dotNetToPastGres\dotNetToPastGres.csproj", "{CF56B8C0-8182-4729-92D0-BCE5CF64BDF0}"
EndProject
Global
	GlobalSection(SolutionConfigurationPlatforms) = preSolution
		Debug|Any CPU = Debug|Any CPU
		Release|Any CPU = Release|Any CPU
	EndGlobalSection
	GlobalSection(ProjectConfigurationPlatforms) = postSolution
		{CF56B8C0-8182-4729-92D0-BCE5CF64BDF0}.Debug|Any CPU.ActiveCfg = Debug|Any CPU
		{CF56B8C0-8182-4729-92D0-BCE5CF64BDF0}.Debug|Any CPU.Build.0 = Debug|Any CPU
		{CF56B8C0-8182-4729-92D0-BCE5CF64BDF0}.Release|Any CPU.ActiveCfg = Release|Any CPU
		{CF56B8C0-8182-4729-92D0-BCE5CF64BDF0}.Release|Any CPU.Build.0 = Release|Any CPU
	EndGlobalSection
	GlobalSection(SolutionProperties) = preSolution
		HideSolutionNode = FALSE
	EndGlobalSection
	GlobalSection(ExtensibilityGlobals) = postSolution
		SolutionGuid = {A6BB211F-94F0-4B14-A425-A408AA16985B}
	EndGlobalSection
EndGlobal
